
Microsoft Visual Studio Solution File, Format Version 12.00
# Visual Studio 15
VisualStudioVersion = 15.0.26730.12
MinimumVisualStudioVersion = 10.0.40219.1
Project("{FAE04EC0-301F-11D3-BF4B-00C04F79EFBC}") = "Practice-12", "Practice-12\Practice-12.csproj", "{A8F3B9BB-A3D9-457F-A9E8-EB4E3A2F9E1D}"
EndProject
Global
	GlobalSection(SolutionConfigurationPlatforms) = preSolution
		Debug|Any CPU = Debug|Any CPU
		Release|Any CPU = Release|Any CPU
	EndGlobalSection
	GlobalSection(ProjectConfigurationPlatforms) = postSolution
		{A8F3B9BB-A3D9-457F-A9E8-EB4E3A2F9E1D}.Debug|Any CPU.ActiveCfg = Debug|Any CPU
		{A8F3B9BB-A3D9-457F-A9E8-EB4E3A2F9E1D}.Debug|Any CPU.Build.0 = Debug|Any CPU
		{A8F3B9BB-A3D9-457F-A9E8-EB4E3A2F9E1D}.Release|Any CPU.ActiveCfg = Release|Any CPU
		{A8F3B9BB-A3D9-457F-A9E8-EB4E3A2F9E1D}.Release|Any CPU.Build.0 = Release|Any CPU
	EndGlobalSection
	GlobalSection(SolutionProperties) = preSolution
		HideSolutionNode = FALSE
	EndGlobalSection
	GlobalSection(ExtensibilityGlobals) = postSolution
		SolutionGuid = {039D6F79-7390-490A-A4A0-3733BE8B0989}
	EndGlobalSection
EndGlobal
